
Microsoft Visual Studio Solution File, Format Version 12.00
# Visual Studio 2013
VisualStudioVersion = 12.0.31101.0
MinimumVisualStudioVersion = 10.0.40219.1
Project("{FAE04EC0-301F-11D3-BF4B-00C04F79EFBC}") = "ComplexZiemiecki42601", "ComplexZiemiecki42601\ComplexZiemiecki42601.csproj", "{F4CB292D-9E11-4767-BE31-D97B4F19C671}"
EndProject
Global
	GlobalSection(SolutionConfigurationPlatforms) = preSolution
		Debug|Any CPU = Debug|Any CPU
		Release|Any CPU = Release|Any CPU
	EndGlobalSection
	GlobalSection(ProjectConfigurationPlatforms) = postSolution
		{F4CB292D-9E11-4767-BE31-D97B4F19C671}.Debug|Any CPU.ActiveCfg = Debug|Any CPU
		{F4CB292D-9E11-4767-BE31-D97B4F19C671}.Debug|Any CPU.Build.0 = Debug|Any CPU
		{F4CB292D-9E11-4767-BE31-D97B4F19C671}.Release|Any CPU.ActiveCfg = Release|Any CPU
		{F4CB292D-9E11-4767-BE31-D97B4F19C671}.Release|Any CPU.Build.0 = Release|Any CPU
	EndGlobalSection
	GlobalSection(SolutionProperties) = preSolution
		HideSolutionNode = FALSE
	EndGlobalSection
EndGlobal
